{
  "version": 4,
  "terraform_version": "1.7.3",
  "serial": 13,
  "lineage": "3ab787ed-8466-1610-92a6-de676757dce0",
  "outputs": {
    "weatherapp_acr_id": {
      "value": "/subscriptions/b5e6c9d7-0700-400e-9eac-0e267d40c9d3/resourceGroups/cst8918-final-project-group-5/providers/Microsoft.ContainerRegistry/registries/weatherappacr5",
      "type": "string"
    }
  },
  "resources": [
    {
      "mode": "managed",
      "type": "azurerm_container_registry",
      "name": "acr",
      "provider": "provider[\"registry.terraform.io/hashicorp/azurerm\"]",
      "instances": [
        {
          "schema_version": 2,
          "attributes": {
            "admin_enabled": false,
            "admin_password": "",
            "admin_username": "",
            "anonymous_pull_enabled": false,
            "data_endpoint_enabled": false,
            "encryption": [
              {
                "enabled": false,
                "identity_client_id": "",
                "key_vault_key_id": ""
              }
            ],
            "export_policy_enabled": true,
            "georeplications": [],
            "id": "/subscriptions/b5e6c9d7-0700-400e-9eac-0e267d40c9d3/resourceGroups/cst8918-final-project-group-5/providers/Microsoft.ContainerRegistry/registries/weatherappacr5",
            "identity": [],
            "location": "eastus",
            "login_server": "weatherappacr5.azurecr.io",
            "name": "weatherappacr5",
            "network_rule_bypass_option": "AzureServices",
            "network_rule_set": [],
            "public_network_access_enabled": true,
            "quarantine_policy_enabled": false,
            "resource_group_name": "cst8918-final-project-group-5",
            "retention_policy": [
              {
                "days": 7,
                "enabled": false
              }
            ],
            "sku": "Basic",
            "tags": null,
            "timeouts": null,
            "trust_policy": [
              {
                "enabled": false
              }
            ],
            "zone_redundancy_enabled": false
          },
          "sensitive_attributes": [],
          "private": "eyJlMmJmYjczMC1lY2FhLTExZTYtOGY4OC0zNDM2M2JjN2M0YzAiOnsiY3JlYXRlIjoxODAwMDAwMDAwMDAwLCJkZWxldGUiOjE4MDAwMDAwMDAwMDAsInJlYWQiOjMwMDAwMDAwMDAwMCwidXBkYXRlIjoxODAwMDAwMDAwMDAwfSwic2NoZW1hX3ZlcnNpb24iOiIyIn0="
        }
      ]
    },
    {
      "mode": "managed",
      "type": "azurerm_redis_cache",
      "name": "prod_redis",
      "provider": "provider[\"registry.terraform.io/hashicorp/azurerm\"]",
      "instances": [
        {
          "schema_version": 1,
          "attributes": {
            "capacity": 1,
            "enable_non_ssl_port": false,
            "family": "C",
            "hostname": "prod-redis-5.redis.cache.windows.net",
            "id": "/subscriptions/b5e6c9d7-0700-400e-9eac-0e267d40c9d3/resourceGroups/cst8918-final-project-group-5/providers/Microsoft.Cache/redis/prod-redis-5",
            "identity": [],
            "location": "eastus",
            "minimum_tls_version": "1.2",
            "name": "prod-redis-5",
            "patch_schedule": [],
            "port": 6379,
            "primary_access_key": "yJUlhiVzerJKv15MgMHGUHNJXppXWvfOFAzCaE42uI0=",
            "primary_connection_string": "prod-redis-5.redis.cache.windows.net:6380,password=yJUlhiVzerJKv15MgMHGUHNJXppXWvfOFAzCaE42uI0=,ssl=true,abortConnect=False",
            "private_static_ip_address": "",
            "public_network_access_enabled": true,
            "redis_configuration": [
              {
                "active_directory_authentication_enabled": false,
                "aof_backup_enabled": false,
                "aof_storage_connection_string_0": "",
                "aof_storage_connection_string_1": "",
                "data_persistence_authentication_method": "",
                "enable_authentication": true,
                "maxclients": 1000,
                "maxfragmentationmemory_reserved": 125,
                "maxmemory_delta": 125,
                "maxmemory_policy": "",
                "maxmemory_reserved": 125,
                "notify_keyspace_events": "",
                "rdb_backup_enabled": false,
                "rdb_backup_frequency": 0,
                "rdb_backup_max_snapshot_count": 0,
                "rdb_storage_connection_string": "",
                "storage_account_subscription_id": ""
              }
            ],
            "redis_version": "6.0",
            "replicas_per_master": 0,
            "replicas_per_primary": 0,
            "resource_group_name": "cst8918-final-project-group-5",
            "secondary_access_key": "lQr8x54BU2ZsaYO8HNWtOVXNuEditMBoXAzCaExqcSY=",
            "secondary_connection_string": "prod-redis-5.redis.cache.windows.net:6380,password=lQr8x54BU2ZsaYO8HNWtOVXNuEditMBoXAzCaExqcSY=,ssl=true,abortConnect=False",
            "shard_count": 0,
            "sku_name": "Basic",
            "ssl_port": 6380,
            "subnet_id": "",
            "tags": null,
            "tenant_settings": null,
            "timeouts": null,
            "zones": null
          },
          "sensitive_attributes": [],
          "private": "eyJlMmJmYjczMC1lY2FhLTExZTYtOGY4OC0zNDM2M2JjN2M0YzAiOnsiY3JlYXRlIjoxMDgwMDAwMDAwMDAwMCwiZGVsZXRlIjoxMDgwMDAwMDAwMDAwMCwicmVhZCI6MzAwMDAwMDAwMDAwLCJ1cGRhdGUiOjEwODAwMDAwMDAwMDAwfSwic2NoZW1hX3ZlcnNpb24iOiIxIn0="
        }
      ]
    },
    {
      "mode": "managed",
      "type": "azurerm_redis_cache",
      "name": "test_redis",
      "provider": "provider[\"registry.terraform.io/hashicorp/azurerm\"]",
      "instances": [
        {
          "schema_version": 1,
          "attributes": {
            "capacity": 1,
            "enable_non_ssl_port": false,
            "family": "C",
            "hostname": "test-redis-5.redis.cache.windows.net",
            "id": "/subscriptions/b5e6c9d7-0700-400e-9eac-0e267d40c9d3/resourceGroups/cst8918-final-project-group-5/providers/Microsoft.Cache/redis/test-redis-5",
            "identity": [],
            "location": "eastus",
            "minimum_tls_version": "1.2",
            "name": "test-redis-5",
            "patch_schedule": [],
            "port": 6379,
            "primary_access_key": "pZ0aEWlb9uEblFpeLWUxm3jzB5mtUBOY7AzCaA7QBv0=",
            "primary_connection_string": "test-redis-5.redis.cache.windows.net:6380,password=pZ0aEWlb9uEblFpeLWUxm3jzB5mtUBOY7AzCaA7QBv0=,ssl=true,abortConnect=False",
            "private_static_ip_address": "",
            "public_network_access_enabled": true,
            "redis_configuration": [
              {
                "active_directory_authentication_enabled": false,
                "aof_backup_enabled": false,
                "aof_storage_connection_string_0": "",
                "aof_storage_connection_string_1": "",
                "data_persistence_authentication_method": "",
                "enable_authentication": true,
                "maxclients": 1000,
                "maxfragmentationmemory_reserved": 125,
                "maxmemory_delta": 125,
                "maxmemory_policy": "",
                "maxmemory_reserved": 125,
                "notify_keyspace_events": "",
                "rdb_backup_enabled": false,
                "rdb_backup_frequency": 0,
                "rdb_backup_max_snapshot_count": 0,
                "rdb_storage_connection_string": "",
                "storage_account_subscription_id": ""
              }
            ],
            "redis_version": "6.0",
            "replicas_per_master": 0,
            "replicas_per_primary": 0,
            "resource_group_name": "cst8918-final-project-group-5",
            "secondary_access_key": "Yn5W18p2Jt6d8edGTsppJ9RbpMaE2mjz2AzCaDpUwBA=",
            "secondary_connection_string": "test-redis-5.redis.cache.windows.net:6380,password=Yn5W18p2Jt6d8edGTsppJ9RbpMaE2mjz2AzCaDpUwBA=,ssl=true,abortConnect=False",
            "shard_count": 0,
            "sku_name": "Basic",
            "ssl_port": 6380,
            "subnet_id": "",
            "tags": null,
            "tenant_settings": null,
            "timeouts": null,
            "zones": null
          },
          "sensitive_attributes": [],
          "private": "eyJlMmJmYjczMC1lY2FhLTExZTYtOGY4OC0zNDM2M2JjN2M0YzAiOnsiY3JlYXRlIjoxMDgwMDAwMDAwMDAwMCwiZGVsZXRlIjoxMDgwMDAwMDAwMDAwMCwicmVhZCI6MzAwMDAwMDAwMDAwLCJ1cGRhdGUiOjEwODAwMDAwMDAwMDAwfSwic2NoZW1hX3ZlcnNpb24iOiIxIn0="
        }
      ]
    }
  ],
  "check_results": null
}
