{
  "version": 4,
  "terraform_version": "1.7.3",
  "serial": 7,
  "lineage": "3fc2dd85-49dd-5faa-c788-6a7ccbc8753f",
  "outputs": {
    "admin_subnet_id": {
      "value": "/subscriptions/b5e6c9d7-0700-400e-9eac-0e267d40c9d3/resourceGroups/cst8918-final-project-group-5/providers/Microsoft.Network/virtualNetworks/project-vnet/subnets/admin-subnet",
      "type": "string"
    },
    "dev_subnet_id": {
      "value": "/subscriptions/b5e6c9d7-0700-400e-9eac-0e267d40c9d3/resourceGroups/cst8918-final-project-group-5/providers/Microsoft.Network/virtualNetworks/project-vnet/subnets/dev-subnet",
      "type": "string"
    },
    "prod_subnet_id": {
      "value": "/subscriptions/b5e6c9d7-0700-400e-9eac-0e267d40c9d3/resourceGroups/cst8918-final-project-group-5/providers/Microsoft.Network/virtualNetworks/project-vnet/subnets/prod-subnet",
      "type": "string"
    },
    "resource_group_name": {
      "value": "cst8918-final-project-group-5",
      "type": "string"
    },
    "test_subnet_id": {
      "value": "/subscriptions/b5e6c9d7-0700-400e-9eac-0e267d40c9d3/resourceGroups/cst8918-final-project-group-5/providers/Microsoft.Network/virtualNetworks/project-vnet/subnets/test-subnet",
      "type": "string"
    },
    "virtual_network_name": {
      "value": "project-vnet",
      "type": "string"
    }
  },
  "resources": [
    {
      "mode": "managed",
      "type": "azurerm_resource_group",
      "name": "project_group",
      "provider": "provider[\"registry.terraform.io/hashicorp/azurerm\"]",
      "instances": [
        {
          "schema_version": 0,
          "attributes": {
            "id": "/subscriptions/b5e6c9d7-0700-400e-9eac-0e267d40c9d3/resourceGroups/cst8918-final-project-group-5",
            "location": "eastus",
            "managed_by": "",
            "name": "cst8918-final-project-group-5",
            "tags": null,
            "timeouts": null
          },
          "sensitive_attributes": [],
          "private": "eyJlMmJmYjczMC1lY2FhLTExZTYtOGY4OC0zNDM2M2JjN2M0YzAiOnsiY3JlYXRlIjo1NDAwMDAwMDAwMDAwLCJkZWxldGUiOjU0MDAwMDAwMDAwMDAsInJlYWQiOjMwMDAwMDAwMDAwMCwidXBkYXRlIjo1NDAwMDAwMDAwMDAwfX0="
        }
      ]
    },
    {
      "mode": "managed",
      "type": "azurerm_subnet",
      "name": "admin_subnet",
      "provider": "provider[\"registry.terraform.io/hashicorp/azurerm\"]",
      "instances": [
        {
          "schema_version": 0,
          "attributes": {
            "address_prefixes": [
              "10.3.0.0/16"
            ],
            "delegation": [],
            "enforce_private_link_endpoint_network_policies": false,
            "enforce_private_link_service_network_policies": false,
            "id": "/subscriptions/b5e6c9d7-0700-400e-9eac-0e267d40c9d3/resourceGroups/cst8918-final-project-group-5/providers/Microsoft.Network/virtualNetworks/project-vnet/subnets/admin-subnet",
            "name": "admin-subnet",
            "private_endpoint_network_policies_enabled": true,
            "private_link_service_network_policies_enabled": true,
            "resource_group_name": "cst8918-final-project-group-5",
            "service_endpoint_policy_ids": null,
            "service_endpoints": null,
            "timeouts": null,
            "virtual_network_name": "project-vnet"
          },
          "sensitive_attributes": [],
          "private": "eyJlMmJmYjczMC1lY2FhLTExZTYtOGY4OC0zNDM2M2JjN2M0YzAiOnsiY3JlYXRlIjoxODAwMDAwMDAwMDAwLCJkZWxldGUiOjE4MDAwMDAwMDAwMDAsInJlYWQiOjMwMDAwMDAwMDAwMCwidXBkYXRlIjoxODAwMDAwMDAwMDAwfX0=",
          "dependencies": [
            "azurerm_resource_group.project_group",
            "azurerm_virtual_network.project_vnet"
          ]
        }
      ]
    },
    {
      "mode": "managed",
      "type": "azurerm_subnet",
      "name": "dev_subnet",
      "provider": "provider[\"registry.terraform.io/hashicorp/azurerm\"]",
      "instances": [
        {
          "schema_version": 0,
          "attributes": {
            "address_prefixes": [
              "10.2.0.0/16"
            ],
            "delegation": [],
            "enforce_private_link_endpoint_network_policies": false,
            "enforce_private_link_service_network_policies": false,
            "id": "/subscriptions/b5e6c9d7-0700-400e-9eac-0e267d40c9d3/resourceGroups/cst8918-final-project-group-5/providers/Microsoft.Network/virtualNetworks/project-vnet/subnets/dev-subnet",
            "name": "dev-subnet",
            "private_endpoint_network_policies_enabled": true,
            "private_link_service_network_policies_enabled": true,
            "resource_group_name": "cst8918-final-project-group-5",
            "service_endpoint_policy_ids": null,
            "service_endpoints": null,
            "timeouts": null,
            "virtual_network_name": "project-vnet"
          },
          "sensitive_attributes": [],
          "private": "eyJlMmJmYjczMC1lY2FhLTExZTYtOGY4OC0zNDM2M2JjN2M0YzAiOnsiY3JlYXRlIjoxODAwMDAwMDAwMDAwLCJkZWxldGUiOjE4MDAwMDAwMDAwMDAsInJlYWQiOjMwMDAwMDAwMDAwMCwidXBkYXRlIjoxODAwMDAwMDAwMDAwfX0=",
          "dependencies": [
            "azurerm_resource_group.project_group",
            "azurerm_virtual_network.project_vnet"
          ]
        }
      ]
    },
    {
      "mode": "managed",
      "type": "azurerm_subnet",
      "name": "prod_subnet",
      "provider": "provider[\"registry.terraform.io/hashicorp/azurerm\"]",
      "instances": [
        {
          "schema_version": 0,
          "attributes": {
            "address_prefixes": [
              "10.0.0.0/16"
            ],
            "delegation": [],
            "enforce_private_link_endpoint_network_policies": false,
            "enforce_private_link_service_network_policies": false,
            "id": "/subscriptions/b5e6c9d7-0700-400e-9eac-0e267d40c9d3/resourceGroups/cst8918-final-project-group-5/providers/Microsoft.Network/virtualNetworks/project-vnet/subnets/prod-subnet",
            "name": "prod-subnet",
            "private_endpoint_network_policies_enabled": true,
            "private_link_service_network_policies_enabled": true,
            "resource_group_name": "cst8918-final-project-group-5",
            "service_endpoint_policy_ids": null,
            "service_endpoints": null,
            "timeouts": null,
            "virtual_network_name": "project-vnet"
          },
          "sensitive_attributes": [],
          "private": "eyJlMmJmYjczMC1lY2FhLTExZTYtOGY4OC0zNDM2M2JjN2M0YzAiOnsiY3JlYXRlIjoxODAwMDAwMDAwMDAwLCJkZWxldGUiOjE4MDAwMDAwMDAwMDAsInJlYWQiOjMwMDAwMDAwMDAwMCwidXBkYXRlIjoxODAwMDAwMDAwMDAwfX0=",
          "dependencies": [
            "azurerm_resource_group.project_group",
            "azurerm_virtual_network.project_vnet"
          ]
        }
      ]
    },
    {
      "mode": "managed",
      "type": "azurerm_subnet",
      "name": "test_subnet",
      "provider": "provider[\"registry.terraform.io/hashicorp/azurerm\"]",
      "instances": [
        {
          "schema_version": 0,
          "attributes": {
            "address_prefixes": [
              "10.1.0.0/16"
            ],
            "delegation": [],
            "enforce_private_link_endpoint_network_policies": false,
            "enforce_private_link_service_network_policies": false,
            "id": "/subscriptions/b5e6c9d7-0700-400e-9eac-0e267d40c9d3/resourceGroups/cst8918-final-project-group-5/providers/Microsoft.Network/virtualNetworks/project-vnet/subnets/test-subnet",
            "name": "test-subnet",
            "private_endpoint_network_policies_enabled": true,
            "private_link_service_network_policies_enabled": true,
            "resource_group_name": "cst8918-final-project-group-5",
            "service_endpoint_policy_ids": null,
            "service_endpoints": null,
            "timeouts": null,
            "virtual_network_name": "project-vnet"
          },
          "sensitive_attributes": [],
          "private": "eyJlMmJmYjczMC1lY2FhLTExZTYtOGY4OC0zNDM2M2JjN2M0YzAiOnsiY3JlYXRlIjoxODAwMDAwMDAwMDAwLCJkZWxldGUiOjE4MDAwMDAwMDAwMDAsInJlYWQiOjMwMDAwMDAwMDAwMCwidXBkYXRlIjoxODAwMDAwMDAwMDAwfX0=",
          "dependencies": [
            "azurerm_resource_group.project_group",
            "azurerm_virtual_network.project_vnet"
          ]
        }
      ]
    },
    {
      "mode": "managed",
      "type": "azurerm_virtual_network",
      "name": "project_vnet",
      "provider": "provider[\"registry.terraform.io/hashicorp/azurerm\"]",
      "instances": [
        {
          "schema_version": 0,
          "attributes": {
            "address_space": [
              "10.0.0.0/14"
            ],
            "bgp_community": "",
            "ddos_protection_plan": [],
            "dns_servers": [],
            "edge_zone": "",
            "encryption": [],
            "flow_timeout_in_minutes": 0,
            "guid": "d0f14a71-9652-4da6-944e-c3c8ca0d34cd",
            "id": "/subscriptions/b5e6c9d7-0700-400e-9eac-0e267d40c9d3/resourceGroups/cst8918-final-project-group-5/providers/Microsoft.Network/virtualNetworks/project-vnet",
            "location": "eastus",
            "name": "project-vnet",
            "resource_group_name": "cst8918-final-project-group-5",
            "subnet": [],
            "tags": null,
            "timeouts": null
          },
          "sensitive_attributes": [],
          "private": "eyJlMmJmYjczMC1lY2FhLTExZTYtOGY4OC0zNDM2M2JjN2M0YzAiOnsiY3JlYXRlIjoxODAwMDAwMDAwMDAwLCJkZWxldGUiOjE4MDAwMDAwMDAwMDAsInJlYWQiOjMwMDAwMDAwMDAwMCwidXBkYXRlIjoxODAwMDAwMDAwMDAwfX0=",
          "dependencies": [
            "azurerm_resource_group.project_group"
          ]
        }
      ]
    }
  ],
  "check_results": null
}
